
Microsoft Visual Studio Solution File, Format Version 12.00
# Visual Studio Version 17
VisualStudioVersion = 17.7.34009.444
MinimumVisualStudioVersion = 10.0.40219.1
Project("{FAE04EC0-301F-11D3-BF4B-00C04F79EFBC}") = "Enter Student Grade Program", "Enter Student Grade Program.csproj", "{5AEE57FF-E9DC-45AB-AF0C-A45F700D7F80}"
EndProject
Global
	GlobalSection(SolutionConfigurationPlatforms) = preSolution
		Debug|Any CPU = Debug|Any CPU
		Release|Any CPU = Release|Any CPU
	EndGlobalSection
	GlobalSection(ProjectConfigurationPlatforms) = postSolution
		{5AEE57FF-E9DC-45AB-AF0C-A45F700D7F80}.Debug|Any CPU.ActiveCfg = Debug|Any CPU
		{5AEE57FF-E9DC-45AB-AF0C-A45F700D7F80}.Debug|Any CPU.Build.0 = Debug|Any CPU
		{5AEE57FF-E9DC-45AB-AF0C-A45F700D7F80}.Release|Any CPU.ActiveCfg = Release|Any CPU
		{5AEE57FF-E9DC-45AB-AF0C-A45F700D7F80}.Release|Any CPU.Build.0 = Release|Any CPU
	EndGlobalSection
	GlobalSection(SolutionProperties) = preSolution
		HideSolutionNode = FALSE
	EndGlobalSection
	GlobalSection(ExtensibilityGlobals) = postSolution
		SolutionGuid = {C3B24561-6ACB-44F4-A474-E968D0E8FEF9}
	EndGlobalSection
EndGlobal
