
Microsoft Visual Studio Solution File, Format Version 12.00
# Visual Studio Version 17
VisualStudioVersion = 17.7.34009.444
MinimumVisualStudioVersion = 10.0.40219.1
Project("{FAE04EC0-301F-11D3-BF4B-00C04F79EFBC}") = "Rock-Paper-Scissors-Game", "Rock-Paper-Scissors-Game.csproj", "{D0DE6AF8-6EE4-4711-992C-1A58C3B6FE8E}"
EndProject
Global
	GlobalSection(SolutionConfigurationPlatforms) = preSolution
		Debug|Any CPU = Debug|Any CPU
		Release|Any CPU = Release|Any CPU
	EndGlobalSection
	GlobalSection(ProjectConfigurationPlatforms) = postSolution
		{D0DE6AF8-6EE4-4711-992C-1A58C3B6FE8E}.Debug|Any CPU.ActiveCfg = Debug|Any CPU
		{D0DE6AF8-6EE4-4711-992C-1A58C3B6FE8E}.Debug|Any CPU.Build.0 = Debug|Any CPU
		{D0DE6AF8-6EE4-4711-992C-1A58C3B6FE8E}.Release|Any CPU.ActiveCfg = Release|Any CPU
		{D0DE6AF8-6EE4-4711-992C-1A58C3B6FE8E}.Release|Any CPU.Build.0 = Release|Any CPU
	EndGlobalSection
	GlobalSection(SolutionProperties) = preSolution
		HideSolutionNode = FALSE
	EndGlobalSection
	GlobalSection(ExtensibilityGlobals) = postSolution
		SolutionGuid = {87F77C51-3533-4749-B1EA-3774C11BEF87}
	EndGlobalSection
EndGlobal
